
Microsoft Visual Studio Solution File, Format Version 12.00
# Visual Studio 15
VisualStudioVersion = 15.0.28010.2036
MinimumVisualStudioVersion = 10.0.40219.1
Project("{FAE04EC0-301F-11D3-BF4B-00C04F79EFBC}") = "SampleWeatherAPI", "SampleWeatherAPI\SampleWeatherAPI.csproj", "{8C9244A1-E28A-4C61-920C-77668095A935}"
EndProject
Global
	GlobalSection(SolutionConfigurationPlatforms) = preSolution
		Debug|Any CPU = Debug|Any CPU
		Release|Any CPU = Release|Any CPU
	EndGlobalSection
	GlobalSection(ProjectConfigurationPlatforms) = postSolution
		{8C9244A1-E28A-4C61-920C-77668095A935}.Debug|Any CPU.ActiveCfg = Debug|Any CPU
		{8C9244A1-E28A-4C61-920C-77668095A935}.Debug|Any CPU.Build.0 = Debug|Any CPU
		{8C9244A1-E28A-4C61-920C-77668095A935}.Release|Any CPU.ActiveCfg = Release|Any CPU
		{8C9244A1-E28A-4C61-920C-77668095A935}.Release|Any CPU.Build.0 = Release|Any CPU
	EndGlobalSection
	GlobalSection(SolutionProperties) = preSolution
		HideSolutionNode = FALSE
	EndGlobalSection
	GlobalSection(ExtensibilityGlobals) = postSolution
		SolutionGuid = {591DA28D-F26B-4E6E-8A71-0F9F3858A7F5}
	EndGlobalSection
EndGlobal
